
Microsoft Visual Studio Solution File, Format Version 12.00
# Visual Studio Version 17
VisualStudioVersion = 17.8.34511.84
MinimumVisualStudioVersion = 10.0.40219.1
Project("{FAE04EC0-301F-11D3-BF4B-00C04F79EFBC}") = "ASP.API", "ASP.API\ASP.API.csproj", "{B968FD99-FCD1-4841-B6D5-92C8FCFACEE8}"
EndProject
Project("{FAE04EC0-301F-11D3-BF4B-00C04F79EFBC}") = "ASP.Core", "ASP.Core\ASP.Core.csproj", "{69B6AB95-F1B8-4158-8EE2-01CD80295F5E}"
EndProject
Project("{FAE04EC0-301F-11D3-BF4B-00C04F79EFBC}") = "ASP.Infracstructure", "ASP.Infracstructure\ASP.Infracstructure.csproj", "{72013E07-AE1E-4455-819D-7ED1138C94B6}"
EndProject
Global
	GlobalSection(SolutionConfigurationPlatforms) = preSolution
		Debug|Any CPU = Debug|Any CPU
		Release|Any CPU = Release|Any CPU
	EndGlobalSection
	GlobalSection(ProjectConfigurationPlatforms) = postSolution
		{B968FD99-FCD1-4841-B6D5-92C8FCFACEE8}.Debug|Any CPU.ActiveCfg = Debug|Any CPU
		{B968FD99-FCD1-4841-B6D5-92C8FCFACEE8}.Debug|Any CPU.Build.0 = Debug|Any CPU
		{B968FD99-FCD1-4841-B6D5-92C8FCFACEE8}.Release|Any CPU.ActiveCfg = Release|Any CPU
		{B968FD99-FCD1-4841-B6D5-92C8FCFACEE8}.Release|Any CPU.Build.0 = Release|Any CPU
		{69B6AB95-F1B8-4158-8EE2-01CD80295F5E}.Debug|Any CPU.ActiveCfg = Debug|Any CPU
		{69B6AB95-F1B8-4158-8EE2-01CD80295F5E}.Debug|Any CPU.Build.0 = Debug|Any CPU
		{69B6AB95-F1B8-4158-8EE2-01CD80295F5E}.Release|Any CPU.ActiveCfg = Release|Any CPU
		{69B6AB95-F1B8-4158-8EE2-01CD80295F5E}.Release|Any CPU.Build.0 = Release|Any CPU
		{72013E07-AE1E-4455-819D-7ED1138C94B6}.Debug|Any CPU.ActiveCfg = Debug|Any CPU
		{72013E07-AE1E-4455-819D-7ED1138C94B6}.Debug|Any CPU.Build.0 = Debug|Any CPU
		{72013E07-AE1E-4455-819D-7ED1138C94B6}.Release|Any CPU.ActiveCfg = Release|Any CPU
		{72013E07-AE1E-4455-819D-7ED1138C94B6}.Release|Any CPU.Build.0 = Release|Any CPU
	EndGlobalSection
	GlobalSection(SolutionProperties) = preSolution
		HideSolutionNode = FALSE
	EndGlobalSection
	GlobalSection(ExtensibilityGlobals) = postSolution
		SolutionGuid = {E4EFDB21-D687-490A-BDA0-B521BA744B2E}
	EndGlobalSection
EndGlobal
